
Microsoft Visual Studio Solution File, Format Version 12.00
# Visual Studio Version 17
VisualStudioVersion = 17.14.36717.8 d17.14
MinimumVisualStudioVersion = 10.0.40219.1
Project("{8BC9CEB8-8B4A-11D0-8D11-00A0C91BC942}") = "DOAN C++", "DOAN C++\DOAN C++.vcxproj", "{043D0A22-FA1D-0045-5050-9EAEBC24292D}"
EndProject
Global
	GlobalSection(SolutionConfigurationPlatforms) = preSolution
		Debug|x64 = Debug|x64
		Debug|x86 = Debug|x86
		Release|x64 = Release|x64
		Release|x86 = Release|x86
	EndGlobalSection
	GlobalSection(ProjectConfigurationPlatforms) = postSolution
		{043D0A22-FA1D-0045-5050-9EAEBC24292D}.Debug|x64.ActiveCfg = Debug|x64
		{043D0A22-FA1D-0045-5050-9EAEBC24292D}.Debug|x64.Build.0 = Debug|x64
		{043D0A22-FA1D-0045-5050-9EAEBC24292D}.Debug|x86.ActiveCfg = Debug|Win32
		{043D0A22-FA1D-0045-5050-9EAEBC24292D}.Debug|x86.Build.0 = Debug|Win32
		{043D0A22-FA1D-0045-5050-9EAEBC24292D}.Release|x64.ActiveCfg = Release|x64
		{043D0A22-FA1D-0045-5050-9EAEBC24292D}.Release|x64.Build.0 = Release|x64
		{043D0A22-FA1D-0045-5050-9EAEBC24292D}.Release|x86.ActiveCfg = Release|Win32
		{043D0A22-FA1D-0045-5050-9EAEBC24292D}.Release|x86.Build.0 = Release|Win32
	EndGlobalSection
	GlobalSection(SolutionProperties) = preSolution
		HideSolutionNode = FALSE
	EndGlobalSection
	GlobalSection(ExtensibilityGlobals) = postSolution
		SolutionGuid = {5FECC2DB-B90D-4915-BF11-B8B54C9FCE13}
	EndGlobalSection
EndGlobal
